
Microsoft Visual Studio Solution File, Format Version 12.00
# Visual Studio Version 16
VisualStudioVersion = 16.0.30413.136
MinimumVisualStudioVersion = 10.0.40219.1
Project("{8BC9CEB8-8B4A-11D0-8D11-00A0C91BC942}") = "NumericalMethod", "NumericalMethod\NumericalMethod.vcxproj", "{FBA23522-1547-4536-83B2-96138ADC3D1B}"
EndProject
Global
	GlobalSection(SolutionConfigurationPlatforms) = preSolution
		Debug|x64 = Debug|x64
		Release|x64 = Release|x64
	EndGlobalSection
	GlobalSection(ProjectConfigurationPlatforms) = postSolution
		{FBA23522-1547-4536-83B2-96138ADC3D1B}.Debug|x64.ActiveCfg = Debug|x64
		{FBA23522-1547-4536-83B2-96138ADC3D1B}.Debug|x64.Build.0 = Debug|x64
		{FBA23522-1547-4536-83B2-96138ADC3D1B}.Release|x64.ActiveCfg = Release|x64
		{FBA23522-1547-4536-83B2-96138ADC3D1B}.Release|x64.Build.0 = Release|x64
	EndGlobalSection
	GlobalSection(SolutionProperties) = preSolution
		HideSolutionNode = FALSE
	EndGlobalSection
	GlobalSection(ExtensibilityGlobals) = postSolution
		SolutionGuid = {90DFDA9D-C9A5-42FB-9597-D707EE9B41A2}
	EndGlobalSection
EndGlobal
